
Microsoft Visual Studio Solution File, Format Version 12.00
# Visual Studio Version 17
VisualStudioVersion = 17.4.33110.190
MinimumVisualStudioVersion = 10.0.40219.1
Project("{9A19103F-16F7-4668-BE54-9A1E7A4F7556}") = "Blazor_WASM_Common_NET7", "..\Common\Blazor_WASM_Common_NET7.csproj", "{DCE3FF09-8C27-4E8F-AC57-DA1DE0E63145}"
EndProject
Project("{9A19103F-16F7-4668-BE54-9A1E7A4F7556}") = "Blazor_WASM_Demos_NET7", "Blazor_WASM_Demos_NET7.csproj", "{1FB2C1FB-911D-482C-B2A1-632DA95E1FE5}"
EndProject
Global
	GlobalSection(SolutionConfigurationPlatforms) = preSolution
		Debug|Any CPU = Debug|Any CPU
		Release|Any CPU = Release|Any CPU
	EndGlobalSection
	GlobalSection(ProjectConfigurationPlatforms) = postSolution
		{DCE3FF09-8C27-4E8F-AC57-DA1DE0E63145}.Debug|Any CPU.ActiveCfg = Debug|Any CPU
		{DCE3FF09-8C27-4E8F-AC57-DA1DE0E63145}.Debug|Any CPU.Build.0 = Debug|Any CPU
		{DCE3FF09-8C27-4E8F-AC57-DA1DE0E63145}.Release|Any CPU.ActiveCfg = Release|Any CPU
		{DCE3FF09-8C27-4E8F-AC57-DA1DE0E63145}.Release|Any CPU.Build.0 = Release|Any CPU
		{1FB2C1FB-911D-482C-B2A1-632DA95E1FE5}.Debug|Any CPU.ActiveCfg = Debug|Any CPU
		{1FB2C1FB-911D-482C-B2A1-632DA95E1FE5}.Debug|Any CPU.Build.0 = Debug|Any CPU
		{1FB2C1FB-911D-482C-B2A1-632DA95E1FE5}.Release|Any CPU.ActiveCfg = Release|Any CPU
		{1FB2C1FB-911D-482C-B2A1-632DA95E1FE5}.Release|Any CPU.Build.0 = Release|Any CPU
	EndGlobalSection
	GlobalSection(SolutionProperties) = preSolution
		HideSolutionNode = FALSE
	EndGlobalSection
	GlobalSection(ExtensibilityGlobals) = postSolution
		SolutionGuid = {BEFA74EC-794F-416A-B191-FC23138BAE08}
	EndGlobalSection
EndGlobal
