
Microsoft Visual Studio Solution File, Format Version 12.00
# Visual Studio Version 17
VisualStudioVersion = 17.6.33801.468
MinimumVisualStudioVersion = 10.0.40219.1
Project("{9A19103F-16F7-4668-BE54-9A1E7A4F7556}") = "Blazor_WASM_Demos_NET7", "Blazor_WASM_Demos_NET7.csproj", "{AF7618D7-3CF5-4C4C-A4C2-0E1EA34A5F99}"
EndProject
Project("{9A19103F-16F7-4668-BE54-9A1E7A4F7556}") = "Blazor_WASM_Common_NET7", "..\Common\Blazor_WASM_Common_NET7.csproj", "{EAA87343-29C4-4998-AD2F-91102C9AB4AF}"
EndProject
Global
	GlobalSection(SolutionConfigurationPlatforms) = preSolution
		Debug|Any CPU = Debug|Any CPU
		Release|Any CPU = Release|Any CPU
	EndGlobalSection
	GlobalSection(ProjectConfigurationPlatforms) = postSolution
		{AF7618D7-3CF5-4C4C-A4C2-0E1EA34A5F99}.Debug|Any CPU.ActiveCfg = Debug|Any CPU
		{AF7618D7-3CF5-4C4C-A4C2-0E1EA34A5F99}.Debug|Any CPU.Build.0 = Debug|Any CPU
		{AF7618D7-3CF5-4C4C-A4C2-0E1EA34A5F99}.Release|Any CPU.ActiveCfg = Release|Any CPU
		{AF7618D7-3CF5-4C4C-A4C2-0E1EA34A5F99}.Release|Any CPU.Build.0 = Release|Any CPU
		{EAA87343-29C4-4998-AD2F-91102C9AB4AF}.Debug|Any CPU.ActiveCfg = Debug|Any CPU
		{EAA87343-29C4-4998-AD2F-91102C9AB4AF}.Debug|Any CPU.Build.0 = Debug|Any CPU
		{EAA87343-29C4-4998-AD2F-91102C9AB4AF}.Release|Any CPU.ActiveCfg = Release|Any CPU
		{EAA87343-29C4-4998-AD2F-91102C9AB4AF}.Release|Any CPU.Build.0 = Release|Any CPU
	EndGlobalSection
	GlobalSection(SolutionProperties) = preSolution
		HideSolutionNode = FALSE
	EndGlobalSection
	GlobalSection(ExtensibilityGlobals) = postSolution
		SolutionGuid = {4CFABE46-7ABD-411E-92DE-E8ED21A0D344}
	EndGlobalSection
EndGlobal
