Microsoft Visual Studio Solution File, Format Version 12.00
# Visual Studio Version 17
VisualStudioVersion = 17.4.32804.182
MinimumVisualStudioVersion = 10.0.40219.1
Project("{9A19103F-16F7-4668-BE54-9A1E7A4F7556}") = "BlazorWasmDemos_NET7.Server", "Server\BlazorWasmDemos_NET7.Server.csproj", "{787DCFB2-04BF-4F55-9024-B8A0FD068DDB}"
EndProject
Project("{9A19103F-16F7-4668-BE54-9A1E7A4F7556}") = "BlazorWasmDemos_NET7", "Client\BlazorWasmDemos_NET7.csproj", "{FA6F1084-8C05-4FF5-B0B5-164EA99BB852}"
EndProject
Project("{9A19103F-16F7-4668-BE54-9A1E7A4F7556}") = "BlazorWasmDemos_NET7.Shared", "Shared\BlazorWasmDemos_NET7.Shared.csproj", "{9EE247BE-CC55-41ED-B602-7E91ACC4098F}"
EndProject
Project("{9A19103F-16F7-4668-BE54-9A1E7A4F7556}") = "BlazorWasmCommon_NET7", "..\Common\BlazorWasmCommon_NET7.csproj", "{981F13D4-6DFE-41BD-8008-A1CEEE4D5872}"
EndProject
Global
	GlobalSection(SolutionConfigurationPlatforms) = preSolution
		Debug|Any CPU = Debug|Any CPU
		Release|Any CPU = Release|Any CPU
	EndGlobalSection
	GlobalSection(ProjectConfigurationPlatforms) = postSolution
		{787DCFB2-04BF-4F55-9024-B8A0FD068DDB}.Debug|Any CPU.ActiveCfg = Debug|Any CPU
		{787DCFB2-04BF-4F55-9024-B8A0FD068DDB}.Debug|Any CPU.Build.0 = Debug|Any CPU
		{787DCFB2-04BF-4F55-9024-B8A0FD068DDB}.Release|Any CPU.ActiveCfg = Release|Any CPU
		{787DCFB2-04BF-4F55-9024-B8A0FD068DDB}.Release|Any CPU.Build.0 = Release|Any CPU
		{FA6F1084-8C05-4FF5-B0B5-164EA99BB852}.Debug|Any CPU.ActiveCfg = Debug|Any CPU
		{FA6F1084-8C05-4FF5-B0B5-164EA99BB852}.Debug|Any CPU.Build.0 = Debug|Any CPU
		{FA6F1084-8C05-4FF5-B0B5-164EA99BB852}.Release|Any CPU.ActiveCfg = Release|Any CPU
		{FA6F1084-8C05-4FF5-B0B5-164EA99BB852}.Release|Any CPU.Build.0 = Release|Any CPU
		{9EE247BE-CC55-41ED-B602-7E91ACC4098F}.Debug|Any CPU.ActiveCfg = Debug|Any CPU
		{9EE247BE-CC55-41ED-B602-7E91ACC4098F}.Debug|Any CPU.Build.0 = Debug|Any CPU
		{9EE247BE-CC55-41ED-B602-7E91ACC4098F}.Release|Any CPU.ActiveCfg = Release|Any CPU
		{9EE247BE-CC55-41ED-B602-7E91ACC4098F}.Release|Any CPU.Build.0 = Release|Any CPU
		{981F13D4-6DFE-41BD-8008-A1CEEE4D5872}.Debug|Any CPU.ActiveCfg = Debug|Any CPU
		{981F13D4-6DFE-41BD-8008-A1CEEE4D5872}.Debug|Any CPU.Build.0 = Debug|Any CPU
		{981F13D4-6DFE-41BD-8008-A1CEEE4D5872}.Release|Any CPU.ActiveCfg = Release|Any CPU
		{981F13D4-6DFE-41BD-8008-A1CEEE4D5872}.Release|Any CPU.Build.0 = Release|Any CPU
	EndGlobalSection
	GlobalSection(SolutionProperties) = preSolution
		HideSolutionNode = FALSE
	EndGlobalSection
	GlobalSection(ExtensibilityGlobals) = postSolution
		SolutionGuid = {E98C83A4-01DB-4126-94D9-1874F90814DC}
	EndGlobalSection
EndGlobal