
Microsoft Visual Studio Solution File, Format Version 12.00
# Visual Studio Version 17
VisualStudioVersion = 17.14.36221.1
MinimumVisualStudioVersion = 10.0.40219.1
Project("{FAE04EC0-301F-11D3-BF4B-00C04F79EFBC}") = "Blazor_WASM_Demos_NET8", "Blazor_WASM_Demos\Blazor_WASM_Demos_NET8.csproj", "{B7E01CFD-7DEA-C6E4-78EC-921FA10CF925}"
EndProject
Project("{FAE04EC0-301F-11D3-BF4B-00C04F79EFBC}") = "Blazor_WASM_Demos_NET8.Client", "Blazor_WASM_Demos.Client\Blazor_WASM_Demos_NET8.Client.csproj", "{CBDC4235-F19A-6DA1-93EA-461DCEAC5D3D}"
EndProject
Project("{FAE04EC0-301F-11D3-BF4B-00C04F79EFBC}") = "Blazor_WASM_Common_NET8", "..\Common\Blazor_WASM_Common_NET8.csproj", "{27FE7CF7-A4FE-052D-FDE6-2C8CAE64E5DB}"
EndProject
Global
	GlobalSection(SolutionConfigurationPlatforms) = preSolution
		Debug|Any CPU = Debug|Any CPU
		Release|Any CPU = Release|Any CPU
	EndGlobalSection
	GlobalSection(ProjectConfigurationPlatforms) = postSolution
		{B7E01CFD-7DEA-C6E4-78EC-921FA10CF925}.Debug|Any CPU.ActiveCfg = Debug|Any CPU
		{B7E01CFD-7DEA-C6E4-78EC-921FA10CF925}.Debug|Any CPU.Build.0 = Debug|Any CPU
		{B7E01CFD-7DEA-C6E4-78EC-921FA10CF925}.Release|Any CPU.ActiveCfg = Release|Any CPU
		{B7E01CFD-7DEA-C6E4-78EC-921FA10CF925}.Release|Any CPU.Build.0 = Release|Any CPU
		{CBDC4235-F19A-6DA1-93EA-461DCEAC5D3D}.Debug|Any CPU.ActiveCfg = Debug|Any CPU
		{CBDC4235-F19A-6DA1-93EA-461DCEAC5D3D}.Debug|Any CPU.Build.0 = Debug|Any CPU
		{CBDC4235-F19A-6DA1-93EA-461DCEAC5D3D}.Release|Any CPU.ActiveCfg = Release|Any CPU
		{CBDC4235-F19A-6DA1-93EA-461DCEAC5D3D}.Release|Any CPU.Build.0 = Release|Any CPU
		{27FE7CF7-A4FE-052D-FDE6-2C8CAE64E5DB}.Debug|Any CPU.ActiveCfg = Debug|Any CPU
		{27FE7CF7-A4FE-052D-FDE6-2C8CAE64E5DB}.Debug|Any CPU.Build.0 = Debug|Any CPU
		{27FE7CF7-A4FE-052D-FDE6-2C8CAE64E5DB}.Release|Any CPU.ActiveCfg = Release|Any CPU
		{27FE7CF7-A4FE-052D-FDE6-2C8CAE64E5DB}.Release|Any CPU.Build.0 = Release|Any CPU
	EndGlobalSection
	GlobalSection(SolutionProperties) = preSolution
		HideSolutionNode = FALSE
	EndGlobalSection
	GlobalSection(ExtensibilityGlobals) = postSolution
		SolutionGuid = {70E88FE3-5518-4C93-82A8-61AE12CFF2FC}
	EndGlobalSection
EndGlobal
