
Microsoft Visual Studio Solution File, Format Version 12.00
# Visual Studio Version 17
VisualStudioVersion = 17.6.33801.468
MinimumVisualStudioVersion = 10.0.40219.1
Project("{9A19103F-16F7-4668-BE54-9A1E7A4F7556}") = "Blazor_WASM_Demos_NET6", "Blazor_WASM_Demos_NET6.csproj", "{211E350C-2EFB-4162-806F-E7BE9CED6E41}"
EndProject
Project("{9A19103F-16F7-4668-BE54-9A1E7A4F7556}") = "Blazor_WASM_Common_NET6", "..\Common\Blazor_WASM_Common_NET6.csproj", "{E3263FD4-BFA6-4C26-8E53-D7D34C567662}"
EndProject
Global
	GlobalSection(SolutionConfigurationPlatforms) = preSolution
		Debug|Any CPU = Debug|Any CPU
		Release|Any CPU = Release|Any CPU
	EndGlobalSection
	GlobalSection(ProjectConfigurationPlatforms) = postSolution
		{211E350C-2EFB-4162-806F-E7BE9CED6E41}.Debug|Any CPU.ActiveCfg = Debug|Any CPU
		{211E350C-2EFB-4162-806F-E7BE9CED6E41}.Debug|Any CPU.Build.0 = Debug|Any CPU
		{211E350C-2EFB-4162-806F-E7BE9CED6E41}.Release|Any CPU.ActiveCfg = Release|Any CPU
		{211E350C-2EFB-4162-806F-E7BE9CED6E41}.Release|Any CPU.Build.0 = Release|Any CPU
		{E3263FD4-BFA6-4C26-8E53-D7D34C567662}.Debug|Any CPU.ActiveCfg = Debug|Any CPU
		{E3263FD4-BFA6-4C26-8E53-D7D34C567662}.Debug|Any CPU.Build.0 = Debug|Any CPU
		{E3263FD4-BFA6-4C26-8E53-D7D34C567662}.Release|Any CPU.ActiveCfg = Release|Any CPU
		{E3263FD4-BFA6-4C26-8E53-D7D34C567662}.Release|Any CPU.Build.0 = Release|Any CPU
	EndGlobalSection
	GlobalSection(SolutionProperties) = preSolution
		HideSolutionNode = FALSE
	EndGlobalSection
	GlobalSection(ExtensibilityGlobals) = postSolution
		SolutionGuid = {D0B24AD2-EA4B-497F-B406-760793445D2B}
	EndGlobalSection
EndGlobal
