
Microsoft Visual Studio Solution File, Format Version 12.00
# Visual Studio Version 17
VisualStudioVersion = 17.14.36221.1
MinimumVisualStudioVersion = 10.0.40219.1
Project("{FAE04EC0-301F-11D3-BF4B-00C04F79EFBC}") = "Blazor_WASM_Demos_NET9", "Blazor_WASM_Demos\Blazor_WASM_Demos_NET9.csproj", "{94DB0781-7B5B-77BE-DAF2-C0994B1A9C5B}"
EndProject
Project("{FAE04EC0-301F-11D3-BF4B-00C04F79EFBC}") = "Blazor_WASM_Demos_NET9.Client", "Blazor_WASM_Demos.Client\Blazor_WASM_Demos_NET9.Client.csproj", "{A66B3D30-238D-5BF4-0073-89339ADA43D3}"
EndProject
Project("{FAE04EC0-301F-11D3-BF4B-00C04F79EFBC}") = "Blazor_WASM_Common_NET9", "..\Common\Blazor_WASM_Common_NET9.csproj", "{11D0309E-8531-CE5D-0310-445E813ED418}"
EndProject
Global
	GlobalSection(SolutionConfigurationPlatforms) = preSolution
		Debug|Any CPU = Debug|Any CPU
		Release|Any CPU = Release|Any CPU
	EndGlobalSection
	GlobalSection(ProjectConfigurationPlatforms) = postSolution
		{94DB0781-7B5B-77BE-DAF2-C0994B1A9C5B}.Debug|Any CPU.ActiveCfg = Debug|Any CPU
		{94DB0781-7B5B-77BE-DAF2-C0994B1A9C5B}.Debug|Any CPU.Build.0 = Debug|Any CPU
		{94DB0781-7B5B-77BE-DAF2-C0994B1A9C5B}.Release|Any CPU.ActiveCfg = Release|Any CPU
		{94DB0781-7B5B-77BE-DAF2-C0994B1A9C5B}.Release|Any CPU.Build.0 = Release|Any CPU
		{A66B3D30-238D-5BF4-0073-89339ADA43D3}.Debug|Any CPU.ActiveCfg = Debug|Any CPU
		{A66B3D30-238D-5BF4-0073-89339ADA43D3}.Debug|Any CPU.Build.0 = Debug|Any CPU
		{A66B3D30-238D-5BF4-0073-89339ADA43D3}.Release|Any CPU.ActiveCfg = Release|Any CPU
		{A66B3D30-238D-5BF4-0073-89339ADA43D3}.Release|Any CPU.Build.0 = Release|Any CPU
		{11D0309E-8531-CE5D-0310-445E813ED418}.Debug|Any CPU.ActiveCfg = Debug|Any CPU
		{11D0309E-8531-CE5D-0310-445E813ED418}.Debug|Any CPU.Build.0 = Debug|Any CPU
		{11D0309E-8531-CE5D-0310-445E813ED418}.Release|Any CPU.ActiveCfg = Release|Any CPU
		{11D0309E-8531-CE5D-0310-445E813ED418}.Release|Any CPU.Build.0 = Release|Any CPU
	EndGlobalSection
	GlobalSection(SolutionProperties) = preSolution
		HideSolutionNode = FALSE
	EndGlobalSection
	GlobalSection(ExtensibilityGlobals) = postSolution
		SolutionGuid = {2172B2FC-1CEE-4C2E-9A85-2EF291691C39}
	EndGlobalSection
EndGlobal
