
Microsoft Visual Studio Solution File, Format Version 12.00
# Visual Studio Version 16
VisualStudioVersion = 16.0.29911.84
MinimumVisualStudioVersion = 10.0.40219.1
Project("{9A19103F-16F7-4668-BE54-9A1E7A4F7556}") = "blazor-samples", "blazor-samples.csproj", "{C8DB5A38-4DC6-48AA-8421-4593877D4EA6}"
EndProject
Global
	GlobalSection(SolutionConfigurationPlatforms) = preSolution
		Debug|Any CPU = Debug|Any CPU
		Release|Any CPU = Release|Any CPU
	EndGlobalSection
	GlobalSection(ProjectConfigurationPlatforms) = postSolution
		{C8DB5A38-4DC6-48AA-8421-4593877D4EA6}.Debug|Any CPU.ActiveCfg = Debug|Any CPU
		{C8DB5A38-4DC6-48AA-8421-4593877D4EA6}.Debug|Any CPU.Build.0 = Debug|Any CPU
		{C8DB5A38-4DC6-48AA-8421-4593877D4EA6}.Release|Any CPU.ActiveCfg = Release|Any CPU
		{C8DB5A38-4DC6-48AA-8421-4593877D4EA6}.Release|Any CPU.Build.0 = Release|Any CPU
	EndGlobalSection
	GlobalSection(SolutionProperties) = preSolution
		HideSolutionNode = FALSE
	EndGlobalSection
	GlobalSection(ExtensibilityGlobals) = postSolution
		SolutionGuid = {66F5AC38-CE38-47DD-BB2A-F0969D9CE8E4}
	EndGlobalSection
EndGlobal
