
Microsoft Visual Studio Solution File, Format Version 12.00
# Visual Studio Version 16
VisualStudioVersion = 16.0.29209.152
MinimumVisualStudioVersion = 10.0.40219.1
Project("{9A19103F-16F7-4668-BE54-9A1E7A4F7556}") = "ej2-blazor-samples", "ej2-blazor-samples.csproj", "{2905E637-9551-4E66-BBAE-BEBFC699C36C}"
EndProject
Global
	GlobalSection(SolutionConfigurationPlatforms) = preSolution
		Debug|Any CPU = Debug|Any CPU
		Release|Any CPU = Release|Any CPU
	EndGlobalSection
	GlobalSection(ProjectConfigurationPlatforms) = postSolution
		{2905E637-9551-4E66-BBAE-BEBFC699C36C}.Debug|Any CPU.ActiveCfg = Debug|Any CPU
		{2905E637-9551-4E66-BBAE-BEBFC699C36C}.Debug|Any CPU.Build.0 = Debug|Any CPU
		{2905E637-9551-4E66-BBAE-BEBFC699C36C}.Release|Any CPU.ActiveCfg = Release|Any CPU
		{2905E637-9551-4E66-BBAE-BEBFC699C36C}.Release|Any CPU.Build.0 = Release|Any CPU
	EndGlobalSection
	GlobalSection(SolutionProperties) = preSolution
		HideSolutionNode = FALSE
	EndGlobalSection
	GlobalSection(ExtensibilityGlobals) = postSolution
		SolutionGuid = {A87BC839-C97F-4B14-8DC8-2DF4653268CD}
	EndGlobalSection
EndGlobal
