
Microsoft Visual Studio Solution File, Format Version 12.00
# Visual Studio 15
VisualStudioVersion = 15.0.28307.329
MinimumVisualStudioVersion = 10.0.40219.1
Project("{9A19103F-16F7-4668-BE54-9A1E7A4F7556}") = "ej2-blazor-samples", "ej2-blazor-samples\ej2-blazor-samples.csproj", "{C17F5FE3-B068-441B-A0C3-F666E9047C9D}"
EndProject
Global
	GlobalSection(SolutionConfigurationPlatforms) = preSolution
		Debug|Any CPU = Debug|Any CPU
		Release|Any CPU = Release|Any CPU
	EndGlobalSection
	GlobalSection(ProjectConfigurationPlatforms) = postSolution
		{C17F5FE3-B068-441B-A0C3-F666E9047C9D}.Debug|Any CPU.ActiveCfg = Debug|Any CPU
		{C17F5FE3-B068-441B-A0C3-F666E9047C9D}.Debug|Any CPU.Build.0 = Debug|Any CPU
		{C17F5FE3-B068-441B-A0C3-F666E9047C9D}.Release|Any CPU.ActiveCfg = Release|Any CPU
		{C17F5FE3-B068-441B-A0C3-F666E9047C9D}.Release|Any CPU.Build.0 = Release|Any CPU
	EndGlobalSection
	GlobalSection(SolutionProperties) = preSolution
		HideSolutionNode = FALSE
	EndGlobalSection
	GlobalSection(ExtensibilityGlobals) = postSolution
		SolutionGuid = {AE9F0EE1-CF91-4673-83DA-E3F1D21FDEE1}
	EndGlobalSection
EndGlobal
