
Microsoft Visual Studio Solution File, Format Version 12.00
# Visual Studio Version 16
VisualStudioVersion = 16.0.29512.175
MinimumVisualStudioVersion = 10.0.40219.1
Project("{9A19103F-16F7-4668-BE54-9A1E7A4F7556}") = "ej2-blazor-samples", "ej2-blazor-samples.csproj", "{351D55E9-7550-4CE3-AAB7-C4966E337B82}"
EndProject
Global
	GlobalSection(SolutionConfigurationPlatforms) = preSolution
		Debug|Any CPU = Debug|Any CPU
		Release|Any CPU = Release|Any CPU
	EndGlobalSection
	GlobalSection(ProjectConfigurationPlatforms) = postSolution
		{351D55E9-7550-4CE3-AAB7-C4966E337B82}.Debug|Any CPU.ActiveCfg = Debug|Any CPU
		{351D55E9-7550-4CE3-AAB7-C4966E337B82}.Debug|Any CPU.Build.0 = Debug|Any CPU
		{351D55E9-7550-4CE3-AAB7-C4966E337B82}.Release|Any CPU.ActiveCfg = Release|Any CPU
		{351D55E9-7550-4CE3-AAB7-C4966E337B82}.Release|Any CPU.Build.0 = Release|Any CPU
	EndGlobalSection
	GlobalSection(SolutionProperties) = preSolution
		HideSolutionNode = FALSE
	EndGlobalSection
	GlobalSection(ExtensibilityGlobals) = postSolution
		SolutionGuid = {F26AF8F9-8FCB-4DAF-9885-785511C71F89}
	EndGlobalSection
EndGlobal
