Microsoft Visual Studio Solution File, Format Version 12.00
# Visual Studio Version 17
VisualStudioVersion = 17.4.32804.182
MinimumVisualStudioVersion = 10.0.40219.1
Project("{9A19103F-16F7-4668-BE54-9A1E7A4F7556}") = "Blazor_Server_Common_NET7", "..\Common\Blazor_Server_Common_NET7.csproj", "{23FC73C3-D263-4815-B85C-3F6368CFDE43}"
EndProject
Project("{9A19103F-16F7-4668-BE54-9A1E7A4F7556}") = "Blazor_Server_Demos_NET7", "Blazor_Server_Demos_NET7.csproj", "{C9CCEA6C-F44E-4C70-A31B-0C26FA126655}"
EndProject
Global
	GlobalSection(SolutionConfigurationPlatforms) = preSolution
		Debug|Any CPU = Debug|Any CPU
		Release|Any CPU = Release|Any CPU
	EndGlobalSection
	GlobalSection(ProjectConfigurationPlatforms) = postSolution
		{23FC73C3-D263-4815-B85C-3F6368CFDE43}.Debug|Any CPU.ActiveCfg = Debug|Any CPU
		{23FC73C3-D263-4815-B85C-3F6368CFDE43}.Debug|Any CPU.Build.0 = Debug|Any CPU
		{23FC73C3-D263-4815-B85C-3F6368CFDE43}.Release|Any CPU.ActiveCfg = Release|Any CPU
		{23FC73C3-D263-4815-B85C-3F6368CFDE43}.Release|Any CPU.Build.0 = Release|Any CPU
		{C9CCEA6C-F44E-4C70-A31B-0C26FA126655}.Debug|Any CPU.ActiveCfg = Debug|Any CPU
		{C9CCEA6C-F44E-4C70-A31B-0C26FA126655}.Debug|Any CPU.Build.0 = Debug|Any CPU
		{C9CCEA6C-F44E-4C70-A31B-0C26FA126655}.Release|Any CPU.ActiveCfg = Release|Any CPU
		{C9CCEA6C-F44E-4C70-A31B-0C26FA126655}.Release|Any CPU.Build.0 = Release|Any CPU
	EndGlobalSection
	GlobalSection(SolutionProperties) = preSolution
		HideSolutionNode = FALSE
	EndGlobalSection
	GlobalSection(ExtensibilityGlobals) = postSolution
		SolutionGuid = {80A39E5D-6762-435F-B6A9-2EE08308FAEB}
	EndGlobalSection
EndGlobal
