Microsoft Visual Studio Solution File, Format Version 12.00
# Visual Studio Version 17
VisualStudioVersion = 17.4.32804.182
MinimumVisualStudioVersion = 10.0.40219.1
Project("{9A19103F-16F7-4668-BE54-9A1E7A4F7556}") = "BlazorServerDemos_NET7", "BlazorServerDemos_NET7.csproj", "{EFE50AC1-D4D1-4A77-96F2-F700203FD27D}"
EndProject
Project("{9A19103F-16F7-4668-BE54-9A1E7A4F7556}") = "BlazorServerCommon_NET7", "..\Common\BlazorServerCommon_NET7.csproj", "{7441BE6E-4995-4291-910D-5C549D18E385}"
EndProject
Global
	GlobalSection(SolutionConfigurationPlatforms) = preSolution
		Debug|Any CPU = Debug|Any CPU
		Release|Any CPU = Release|Any CPU
	EndGlobalSection
	GlobalSection(ProjectConfigurationPlatforms) = postSolution
		{EFE50AC1-D4D1-4A77-96F2-F700203FD27D}.Debug|Any CPU.ActiveCfg = Debug|Any CPU
		{EFE50AC1-D4D1-4A77-96F2-F700203FD27D}.Debug|Any CPU.Build.0 = Debug|Any CPU
		{EFE50AC1-D4D1-4A77-96F2-F700203FD27D}.Release|Any CPU.ActiveCfg = Release|Any CPU
		{EFE50AC1-D4D1-4A77-96F2-F700203FD27D}.Release|Any CPU.Build.0 = Release|Any CPU
		{7441BE6E-4995-4291-910D-5C549D18E385}.Debug|Any CPU.ActiveCfg = Debug|Any CPU
		{7441BE6E-4995-4291-910D-5C549D18E385}.Debug|Any CPU.Build.0 = Debug|Any CPU
		{7441BE6E-4995-4291-910D-5C549D18E385}.Release|Any CPU.ActiveCfg = Release|Any CPU
		{7441BE6E-4995-4291-910D-5C549D18E385}.Release|Any CPU.Build.0 = Release|Any CPU
	EndGlobalSection
	GlobalSection(SolutionProperties) = preSolution
		HideSolutionNode = FALSE
	EndGlobalSection
	GlobalSection(ExtensibilityGlobals) = postSolution
		SolutionGuid = {80A39E5D-6762-435F-B6A9-2EE08308FAEB}
	EndGlobalSection
EndGlobal
