
Microsoft Visual Studio Solution File, Format Version 12.00
# Visual Studio Version 17
VisualStudioVersion = 17.0.31717.71
MinimumVisualStudioVersion = 10.0.40219.1
Project("{9A19103F-16F7-4668-BE54-9A1E7A4F7556}") = "BlazorServerDemos_NET6", "BlazorServerDemos_NET6.csproj", "{295249CF-818E-4932-93EE-AE13A95F8F0A}"
EndProject
Project("{9A19103F-16F7-4668-BE54-9A1E7A4F7556}") = "BlazorServerCommon_NET6", "..\Common\BlazorServerCommon_NET6.csproj", "{0914CFBC-03B3-4B4C-8400-F93C9918ED92}"
EndProject
Global
	GlobalSection(SolutionConfigurationPlatforms) = preSolution
		Debug|Any CPU = Debug|Any CPU
		Release|Any CPU = Release|Any CPU
	EndGlobalSection
	GlobalSection(ProjectConfigurationPlatforms) = postSolution
		{295249CF-818E-4932-93EE-AE13A95F8F0A}.Debug|Any CPU.ActiveCfg = Debug|Any CPU
		{295249CF-818E-4932-93EE-AE13A95F8F0A}.Debug|Any CPU.Build.0 = Debug|Any CPU
		{295249CF-818E-4932-93EE-AE13A95F8F0A}.Release|Any CPU.ActiveCfg = Release|Any CPU
		{295249CF-818E-4932-93EE-AE13A95F8F0A}.Release|Any CPU.Build.0 = Release|Any CPU
		{0914CFBC-03B3-4B4C-8400-F93C9918ED92}.Debug|Any CPU.ActiveCfg = Debug|Any CPU
		{0914CFBC-03B3-4B4C-8400-F93C9918ED92}.Debug|Any CPU.Build.0 = Debug|Any CPU
		{0914CFBC-03B3-4B4C-8400-F93C9918ED92}.Release|Any CPU.ActiveCfg = Release|Any CPU
		{0914CFBC-03B3-4B4C-8400-F93C9918ED92}.Release|Any CPU.Build.0 = Release|Any CPU
	EndGlobalSection
	GlobalSection(SolutionProperties) = preSolution
		HideSolutionNode = FALSE
	EndGlobalSection
	GlobalSection(ExtensibilityGlobals) = postSolution
		SolutionGuid = {A9D3E4EE-7792-4FE9-B74B-E5E55A841068}
	EndGlobalSection
EndGlobal
