
Microsoft Visual Studio Solution File, Format Version 12.00
# Visual Studio Version 17
VisualStudioVersion = 17.6.33801.468
MinimumVisualStudioVersion = 10.0.40219.1
Project("{9A19103F-16F7-4668-BE54-9A1E7A4F7556}") = "Blazor_Server_Demos_NET7", "Blazor_Server_Demos_NET7.csproj", "{48C4D4F7-EE55-4F9E-845E-CF3433C12A9E}"
EndProject
Project("{9A19103F-16F7-4668-BE54-9A1E7A4F7556}") = "Blazor_Server_Common_NET7", "..\Common\Blazor_Server_Common_NET7.csproj", "{4C3F731F-315B-4555-9C0F-32B0048F02D9}"
EndProject
Global
	GlobalSection(SolutionConfigurationPlatforms) = preSolution
		Debug|Any CPU = Debug|Any CPU
		Release|Any CPU = Release|Any CPU
	EndGlobalSection
	GlobalSection(ProjectConfigurationPlatforms) = postSolution
		{48C4D4F7-EE55-4F9E-845E-CF3433C12A9E}.Debug|Any CPU.ActiveCfg = Debug|Any CPU
		{48C4D4F7-EE55-4F9E-845E-CF3433C12A9E}.Debug|Any CPU.Build.0 = Debug|Any CPU
		{48C4D4F7-EE55-4F9E-845E-CF3433C12A9E}.Release|Any CPU.ActiveCfg = Release|Any CPU
		{48C4D4F7-EE55-4F9E-845E-CF3433C12A9E}.Release|Any CPU.Build.0 = Release|Any CPU
		{4C3F731F-315B-4555-9C0F-32B0048F02D9}.Debug|Any CPU.ActiveCfg = Debug|Any CPU
		{4C3F731F-315B-4555-9C0F-32B0048F02D9}.Debug|Any CPU.Build.0 = Debug|Any CPU
		{4C3F731F-315B-4555-9C0F-32B0048F02D9}.Release|Any CPU.ActiveCfg = Release|Any CPU
		{4C3F731F-315B-4555-9C0F-32B0048F02D9}.Release|Any CPU.Build.0 = Release|Any CPU
	EndGlobalSection
	GlobalSection(SolutionProperties) = preSolution
		HideSolutionNode = FALSE
	EndGlobalSection
	GlobalSection(ExtensibilityGlobals) = postSolution
		SolutionGuid = {C5336CB2-E2F3-4E73-8F6F-5D9A7D1CB4E7}
	EndGlobalSection
EndGlobal
