
Microsoft Visual Studio Solution File, Format Version 12.00
# Visual Studio Version 17
VisualStudioVersion = 17.11.35312.102
MinimumVisualStudioVersion = 10.0.40219.1
Project("{9A19103F-16F7-4668-BE54-9A1E7A4F7556}") = "Blazor_Server_Demos_NET9", "Blazor_Server_Demos_NET9.csproj", "{2DA6B30E-014B-4B2B-864C-8E46BB2E52A5}"
EndProject
Project("{9A19103F-16F7-4668-BE54-9A1E7A4F7556}") = "Blazor_Server_Common_NET9", "..\Common\Blazor_Server_Common_NET9.csproj", "{E5181D47-F7F0-42C9-8CFE-94ADC2EC4763}"
EndProject
Global
	GlobalSection(SolutionConfigurationPlatforms) = preSolution
		Debug|Any CPU = Debug|Any CPU
		Release|Any CPU = Release|Any CPU
	EndGlobalSection
	GlobalSection(ProjectConfigurationPlatforms) = postSolution
		{2DA6B30E-014B-4B2B-864C-8E46BB2E52A5}.Debug|Any CPU.ActiveCfg = Debug|Any CPU
		{2DA6B30E-014B-4B2B-864C-8E46BB2E52A5}.Debug|Any CPU.Build.0 = Debug|Any CPU
		{2DA6B30E-014B-4B2B-864C-8E46BB2E52A5}.Release|Any CPU.ActiveCfg = Release|Any CPU
		{2DA6B30E-014B-4B2B-864C-8E46BB2E52A5}.Release|Any CPU.Build.0 = Release|Any CPU
		{E5181D47-F7F0-42C9-8CFE-94ADC2EC4763}.Debug|Any CPU.ActiveCfg = Debug|Any CPU
		{E5181D47-F7F0-42C9-8CFE-94ADC2EC4763}.Debug|Any CPU.Build.0 = Debug|Any CPU
		{E5181D47-F7F0-42C9-8CFE-94ADC2EC4763}.Release|Any CPU.ActiveCfg = Release|Any CPU
		{E5181D47-F7F0-42C9-8CFE-94ADC2EC4763}.Release|Any CPU.Build.0 = Release|Any CPU
	EndGlobalSection
	GlobalSection(SolutionProperties) = preSolution
		HideSolutionNode = FALSE
	EndGlobalSection
	GlobalSection(ExtensibilityGlobals) = postSolution
		SolutionGuid = {04EAA34A-9436-4B00-8EA4-0EA9E0223A60}
	EndGlobalSection
EndGlobal
