
Microsoft Visual Studio Solution File, Format Version 12.00
# Visual Studio Version 17
VisualStudioVersion = 17.1.32328.378
MinimumVisualStudioVersion = 10.0.40219.1
Project("{9A19103F-16F7-4668-BE54-9A1E7A4F7556}") = "BlazorServerDemos_NETCORE3_1", "BlazorServerDemos_NETCORE3_1.csproj", "{BD87C361-956D-4A54-9381-FD3F1C789F86}"
EndProject
Project("{9A19103F-16F7-4668-BE54-9A1E7A4F7556}") = "BlazorServerCommon_NETCORE3_1", "..\Common\BlazorServerCommon_NETCORE3_1.csproj", "{5590C000-FAC2-4CE1-A95C-91B4230C9EC9}"
EndProject
Global
	GlobalSection(SolutionConfigurationPlatforms) = preSolution
		Debug|Any CPU = Debug|Any CPU
		Release|Any CPU = Release|Any CPU
	EndGlobalSection
	GlobalSection(ProjectConfigurationPlatforms) = postSolution
		{BD87C361-956D-4A54-9381-FD3F1C789F86}.Debug|Any CPU.ActiveCfg = Debug|Any CPU
		{BD87C361-956D-4A54-9381-FD3F1C789F86}.Debug|Any CPU.Build.0 = Debug|Any CPU
		{BD87C361-956D-4A54-9381-FD3F1C789F86}.Release|Any CPU.ActiveCfg = Release|Any CPU
		{BD87C361-956D-4A54-9381-FD3F1C789F86}.Release|Any CPU.Build.0 = Release|Any CPU
		{5590C000-FAC2-4CE1-A95C-91B4230C9EC9}.Debug|Any CPU.ActiveCfg = Debug|Any CPU
		{5590C000-FAC2-4CE1-A95C-91B4230C9EC9}.Debug|Any CPU.Build.0 = Debug|Any CPU
		{5590C000-FAC2-4CE1-A95C-91B4230C9EC9}.Release|Any CPU.ActiveCfg = Release|Any CPU
		{5590C000-FAC2-4CE1-A95C-91B4230C9EC9}.Release|Any CPU.Build.0 = Release|Any CPU
	EndGlobalSection
	GlobalSection(SolutionProperties) = preSolution
		HideSolutionNode = FALSE
	EndGlobalSection
	GlobalSection(ExtensibilityGlobals) = postSolution
		SolutionGuid = {20795761-E124-4779-BA5A-25A5DE2AB150}
	EndGlobalSection
EndGlobal
