
Microsoft Visual Studio Solution File, Format Version 12.00
# Visual Studio Version 17
VisualStudioVersion = 17.6.33801.468
MinimumVisualStudioVersion = 10.0.40219.1
Project("{9A19103F-16F7-4668-BE54-9A1E7A4F7556}") = "Blazor_Server_Demos_NET6", "Blazor_Server_Demos_NET6.csproj", "{642EB355-CC26-4DF2-8832-C03AB7A03E60}"
EndProject
Project("{9A19103F-16F7-4668-BE54-9A1E7A4F7556}") = "Blazor_Server_Common_NET6", "..\Common\Blazor_Server_Common_NET6.csproj", "{8CD4969B-319B-4554-90A5-09D26407D499}"
EndProject
Global
	GlobalSection(SolutionConfigurationPlatforms) = preSolution
		Debug|Any CPU = Debug|Any CPU
		Release|Any CPU = Release|Any CPU
	EndGlobalSection
	GlobalSection(ProjectConfigurationPlatforms) = postSolution
		{642EB355-CC26-4DF2-8832-C03AB7A03E60}.Debug|Any CPU.ActiveCfg = Debug|Any CPU
		{642EB355-CC26-4DF2-8832-C03AB7A03E60}.Debug|Any CPU.Build.0 = Debug|Any CPU
		{642EB355-CC26-4DF2-8832-C03AB7A03E60}.Release|Any CPU.ActiveCfg = Release|Any CPU
		{642EB355-CC26-4DF2-8832-C03AB7A03E60}.Release|Any CPU.Build.0 = Release|Any CPU
		{8CD4969B-319B-4554-90A5-09D26407D499}.Debug|Any CPU.ActiveCfg = Debug|Any CPU
		{8CD4969B-319B-4554-90A5-09D26407D499}.Debug|Any CPU.Build.0 = Debug|Any CPU
		{8CD4969B-319B-4554-90A5-09D26407D499}.Release|Any CPU.ActiveCfg = Release|Any CPU
		{8CD4969B-319B-4554-90A5-09D26407D499}.Release|Any CPU.Build.0 = Release|Any CPU
	EndGlobalSection
	GlobalSection(SolutionProperties) = preSolution
		HideSolutionNode = FALSE
	EndGlobalSection
	GlobalSection(ExtensibilityGlobals) = postSolution
		SolutionGuid = {5AF1A9A5-CD54-4829-8831-7FA0E9B915A6}
	EndGlobalSection
EndGlobal
