
Microsoft Visual Studio Solution File, Format Version 12.00
# Visual Studio Version 17
VisualStudioVersion = 17.11.35312.102
MinimumVisualStudioVersion = 10.0.40219.1
Project("{9A19103F-16F7-4668-BE54-9A1E7A4F7556}") = "Blazor_WebApp_Demos_NET9", "Blazor_WebApp_Demos\Blazor_WebApp_Demos_NET9.csproj", "{D59EE0F7-E574-4A08-ADB6-EBE46692279B}"
EndProject
Project("{9A19103F-16F7-4668-BE54-9A1E7A4F7556}") = "Blazor_WebApp_Demos_NET9.Client", "Blazor_WebApp_Demos.Client\Blazor_WebApp_Demos_NET9.Client.csproj", "{4A05A304-A3AF-46D2-89F3-62733BEDA6C0}"
EndProject
Project("{9A19103F-16F7-4668-BE54-9A1E7A4F7556}") = "Blazor_WebApp_Common_NET9", "..\Common\Blazor_WebApp_Common_NET9.csproj", "{E7E82C0D-524A-4C64-AA53-936B9B28DB2F}"
EndProject
Global
	GlobalSection(SolutionConfigurationPlatforms) = preSolution
		Debug|Any CPU = Debug|Any CPU
		Release|Any CPU = Release|Any CPU
	EndGlobalSection
	GlobalSection(ProjectConfigurationPlatforms) = postSolution
		{D59EE0F7-E574-4A08-ADB6-EBE46692279B}.Debug|Any CPU.ActiveCfg = Debug|Any CPU
		{D59EE0F7-E574-4A08-ADB6-EBE46692279B}.Debug|Any CPU.Build.0 = Debug|Any CPU
		{D59EE0F7-E574-4A08-ADB6-EBE46692279B}.Release|Any CPU.ActiveCfg = Release|Any CPU
		{D59EE0F7-E574-4A08-ADB6-EBE46692279B}.Release|Any CPU.Build.0 = Release|Any CPU
		{4A05A304-A3AF-46D2-89F3-62733BEDA6C0}.Debug|Any CPU.ActiveCfg = Debug|Any CPU
		{4A05A304-A3AF-46D2-89F3-62733BEDA6C0}.Debug|Any CPU.Build.0 = Debug|Any CPU
		{4A05A304-A3AF-46D2-89F3-62733BEDA6C0}.Release|Any CPU.ActiveCfg = Release|Any CPU
		{4A05A304-A3AF-46D2-89F3-62733BEDA6C0}.Release|Any CPU.Build.0 = Release|Any CPU
		{E7E82C0D-524A-4C64-AA53-936B9B28DB2F}.Debug|Any CPU.ActiveCfg = Debug|Any CPU
		{E7E82C0D-524A-4C64-AA53-936B9B28DB2F}.Debug|Any CPU.Build.0 = Debug|Any CPU
		{E7E82C0D-524A-4C64-AA53-936B9B28DB2F}.Release|Any CPU.ActiveCfg = Release|Any CPU
		{E7E82C0D-524A-4C64-AA53-936B9B28DB2F}.Release|Any CPU.Build.0 = Release|Any CPU
	EndGlobalSection
	GlobalSection(SolutionProperties) = preSolution
		HideSolutionNode = FALSE
	EndGlobalSection
	GlobalSection(ExtensibilityGlobals) = postSolution
		SolutionGuid = {667EDE63-C555-4F2D-864C-C7AFC18EAB8E}
	EndGlobalSection
EndGlobal
