Microsoft Visual Studio Solution File, Format Version 12.00
# Visual Studio Version 17
VisualStudioVersion = 17.4.32804.182
MinimumVisualStudioVersion = 10.0.40219.1
Project("{9A19103F-16F7-4668-BE54-9A1E7A4F7556}") = "Blazor_WASM_Hosted_Demos_NET7.Server", "Server\Blazor_WASM_Hosted_Demos_NET7.Server.csproj", "{EAB6B5FB-61FA-46B7-B855-39F6EF8DA6C9}"
EndProject
Project("{9A19103F-16F7-4668-BE54-9A1E7A4F7556}") = "Blazor_WASM_Hosted_Demos_NET7", "Client\Blazor_WASM_Hosted_Demos_NET7.csproj", "{99232F02-2B23-4436-8568-7A1B76714D27}"
EndProject
Project("{9A19103F-16F7-4668-BE54-9A1E7A4F7556}") = "Blazor_WASM_Hosted_Demos_NET7.Shared", "Shared\Blazor_WASM_Hosted_Demos_NET7.Shared.csproj", "{F85A3327-1604-4FB3-AB59-B11C32FF4D5E}"
EndProject
Project("{9A19103F-16F7-4668-BE54-9A1E7A4F7556}") = "Blazor_WASM_Hosted_Common_NET7", "..\Common\Blazor_WASM_Hosted_Common_NET7.csproj", "{3E004E7F-3853-4FA7-AAB2-2063A7C5E3FD}"
EndProject
Global
	GlobalSection(SolutionConfigurationPlatforms) = preSolution
		Debug|Any CPU = Debug|Any CPU
		Release|Any CPU = Release|Any CPU
	EndGlobalSection
	GlobalSection(ProjectConfigurationPlatforms) = postSolution
		{EAB6B5FB-61FA-46B7-B855-39F6EF8DA6C9}.Debug|Any CPU.ActiveCfg = Debug|Any CPU
		{EAB6B5FB-61FA-46B7-B855-39F6EF8DA6C9}.Debug|Any CPU.Build.0 = Debug|Any CPU
		{EAB6B5FB-61FA-46B7-B855-39F6EF8DA6C9}.Release|Any CPU.ActiveCfg = Release|Any CPU
		{EAB6B5FB-61FA-46B7-B855-39F6EF8DA6C9}.Release|Any CPU.Build.0 = Release|Any CPU
		{99232F02-2B23-4436-8568-7A1B76714D27}.Debug|Any CPU.ActiveCfg = Debug|Any CPU
		{99232F02-2B23-4436-8568-7A1B76714D27}.Debug|Any CPU.Build.0 = Debug|Any CPU
		{99232F02-2B23-4436-8568-7A1B76714D27}.Release|Any CPU.ActiveCfg = Release|Any CPU
		{99232F02-2B23-4436-8568-7A1B76714D27}.Release|Any CPU.Build.0 = Release|Any CPU
		{F85A3327-1604-4FB3-AB59-B11C32FF4D5E}.Debug|Any CPU.ActiveCfg = Debug|Any CPU
		{F85A3327-1604-4FB3-AB59-B11C32FF4D5E}.Debug|Any CPU.Build.0 = Debug|Any CPU
		{F85A3327-1604-4FB3-AB59-B11C32FF4D5E}.Release|Any CPU.ActiveCfg = Release|Any CPU
		{F85A3327-1604-4FB3-AB59-B11C32FF4D5E}.Release|Any CPU.Build.0 = Release|Any CPU
		{3E004E7F-3853-4FA7-AAB2-2063A7C5E3FD}.Debug|Any CPU.ActiveCfg = Debug|Any CPU
		{3E004E7F-3853-4FA7-AAB2-2063A7C5E3FD}.Debug|Any CPU.Build.0 = Debug|Any CPU
		{3E004E7F-3853-4FA7-AAB2-2063A7C5E3FD}.Release|Any CPU.ActiveCfg = Release|Any CPU
		{3E004E7F-3853-4FA7-AAB2-2063A7C5E3FD}.Release|Any CPU.Build.0 = Release|Any CPU
	EndGlobalSection
	GlobalSection(SolutionProperties) = preSolution
		HideSolutionNode = FALSE
	EndGlobalSection
	GlobalSection(ExtensibilityGlobals) = postSolution
		SolutionGuid = {E98C83A4-01DB-4126-94D9-1874F90814DC}
	EndGlobalSection
EndGlobal
