
Microsoft Visual Studio Solution File, Format Version 12.00
# Visual Studio Version 16
VisualStudioVersion = 16.0.31410.357
MinimumVisualStudioVersion = 10.0.40219.1
Project("{9A19103F-16F7-4668-BE54-9A1E7A4F7556}") = "BlazorServerDemos_NET5", "BlazorServerDemos_NET5.csproj", "{07908538-0C8C-45C7-BA05-FCF051D557D8}"
EndProject
Project("{9A19103F-16F7-4668-BE54-9A1E7A4F7556}") = "BlazorServerCommon_NET5", "..\Common\BlazorServerCommon_NET5.csproj", "{56C7BF30-66F3-4A30-8636-BD7CFD3F6A73}"
EndProject
Global
	GlobalSection(SolutionConfigurationPlatforms) = preSolution
		Debug|Any CPU = Debug|Any CPU
		Release|Any CPU = Release|Any CPU
	EndGlobalSection
	GlobalSection(ProjectConfigurationPlatforms) = postSolution
		{07908538-0C8C-45C7-BA05-FCF051D557D8}.Debug|Any CPU.ActiveCfg = Debug|Any CPU
		{07908538-0C8C-45C7-BA05-FCF051D557D8}.Debug|Any CPU.Build.0 = Debug|Any CPU
		{07908538-0C8C-45C7-BA05-FCF051D557D8}.Release|Any CPU.ActiveCfg = Release|Any CPU
		{07908538-0C8C-45C7-BA05-FCF051D557D8}.Release|Any CPU.Build.0 = Release|Any CPU
		{56C7BF30-66F3-4A30-8636-BD7CFD3F6A73}.Debug|Any CPU.ActiveCfg = Debug|Any CPU
		{56C7BF30-66F3-4A30-8636-BD7CFD3F6A73}.Debug|Any CPU.Build.0 = Debug|Any CPU
		{56C7BF30-66F3-4A30-8636-BD7CFD3F6A73}.Release|Any CPU.ActiveCfg = Release|Any CPU
		{56C7BF30-66F3-4A30-8636-BD7CFD3F6A73}.Release|Any CPU.Build.0 = Release|Any CPU
	EndGlobalSection
	GlobalSection(SolutionProperties) = preSolution
		HideSolutionNode = FALSE
	EndGlobalSection
	GlobalSection(ExtensibilityGlobals) = postSolution
		SolutionGuid = {20510439-43D5-4515-81F8-07F516D4B198}
	EndGlobalSection
EndGlobal
